
Microsoft Visual Studio Solution File, Format Version 12.00
# Visual Studio Version 17
VisualStudioVersion = 17.2.32526.322
MinimumVisualStudioVersion = 10.0.40219.1
Project("{FAE04EC0-301F-11D3-BF4B-00C04F79EFBC}") = "CS14", "CS14\CS14.csproj", "{DBE51DDD-547E-471E-B666-BE36462EDC18}"
EndProject
Global
	GlobalSection(SolutionConfigurationPlatforms) = preSolution
		Debug|Any CPU = Debug|Any CPU
		Release|Any CPU = Release|Any CPU
	EndGlobalSection
	GlobalSection(ProjectConfigurationPlatforms) = postSolution
		{DBE51DDD-547E-471E-B666-BE36462EDC18}.Debug|Any CPU.ActiveCfg = Debug|Any CPU
		{DBE51DDD-547E-471E-B666-BE36462EDC18}.Debug|Any CPU.Build.0 = Debug|Any CPU
		{DBE51DDD-547E-471E-B666-BE36462EDC18}.Release|Any CPU.ActiveCfg = Release|Any CPU
		{DBE51DDD-547E-471E-B666-BE36462EDC18}.Release|Any CPU.Build.0 = Release|Any CPU
	EndGlobalSection
	GlobalSection(SolutionProperties) = preSolution
		HideSolutionNode = FALSE
	EndGlobalSection
	GlobalSection(ExtensibilityGlobals) = postSolution
		SolutionGuid = {DFB3CC06-9254-4C92-825C-696B397E6A96}
	EndGlobalSection
EndGlobal
